
Microsoft Visual Studio Solution File, Format Version 12.00
# Visual Studio Version 17
VisualStudioVersion = 17.14.36511.14 d17.14
MinimumVisualStudioVersion = 10.0.40219.1
Project("{FAE04EC0-301F-11D3-BF4B-00C04F79EFBC}") = "TheSingularityWorkshop", "TheSingularityWorkshop\TheSingularityWorkshop.csproj", "{CDC12F40-7D72-4884-BC76-A81D00E2B2C8}"
EndProject
Global
	GlobalSection(SolutionConfigurationPlatforms) = preSolution
		Debug|Any CPU = Debug|Any CPU
		Release|Any CPU = Release|Any CPU
	EndGlobalSection
	GlobalSection(ProjectConfigurationPlatforms) = postSolution
		{CDC12F40-7D72-4884-BC76-A81D00E2B2C8}.Debug|Any CPU.ActiveCfg = Debug|Any CPU
		{CDC12F40-7D72-4884-BC76-A81D00E2B2C8}.Debug|Any CPU.Build.0 = Debug|Any CPU
		{CDC12F40-7D72-4884-BC76-A81D00E2B2C8}.Release|Any CPU.ActiveCfg = Release|Any CPU
		{CDC12F40-7D72-4884-BC76-A81D00E2B2C8}.Release|Any CPU.Build.0 = Release|Any CPU
	EndGlobalSection
	GlobalSection(SolutionProperties) = preSolution
		HideSolutionNode = FALSE
	EndGlobalSection
	GlobalSection(ExtensibilityGlobals) = postSolution
		SolutionGuid = {C0BAEBBA-7458-4C89-83BE-6B8BEC23E085}
	EndGlobalSection
EndGlobal
